{
  "name": "ransuhaneda",
  "version": "1.0.0",
  "lockfileVersion": 3,
  "requires": true,
  "packages": {
    "": {
      "name": "ransuhaneda",
      "version": "1.0.0",
      "license": "ISC",
      "devDependencies": {
        "mustache": "^4.2.0",
        "openmeteo": "^1.2.0"
      }
    },
    "node_modules/@openmeteo/sdk": {
      "version": "1.20.0",
      "resolved": "https://registry.npmjs.org/@openmeteo/sdk/-/sdk-1.20.0.tgz",
      "integrity": "sha512-v+mKaJUvJEZEGnritK2NwdIKTuHDFzf30yp8+8/71z8oXtwOsvcvlE8kKsVPjKLjRrU2/hJN8lBkR5m+wGKQXw==",
      "dev": true,
      "license": "MIT",
      "dependencies": {
        "flatbuffers": "^25.2.10"
      },
      "engines": {
        "node": ">=12.0"
      }
    },
    "node_modules/flatbuffers": {
      "version": "25.2.10",
      "resolved": "https://registry.npmjs.org/flatbuffers/-/flatbuffers-25.2.10.tgz",
      "integrity": "sha512-7JlN9ZvLDG1McO3kbX0k4v+SUAg48L1rIwEvN6ZQl/eCtgJz9UylTMzE9wrmYrcorgxm3CX/3T/w5VAub99UUw==",
      "dev": true,
      "license": "Apache-2.0"
    },
    "node_modules/mustache": {
      "version": "4.2.0",
      "resolved": "https://registry.npmjs.org/mustache/-/mustache-4.2.0.tgz",
      "integrity": "sha512-71ippSywq5Yb7/tVYyGbkBggbU8H3u5Rz56fH60jGFgr8uHwxs+aSKeqmluIVzM0m0kB7xQjKS6qPfd0b2ZoqQ==",
      "dev": true,
      "license": "MIT",
      "bin": {
        "mustache": "bin/mustache"
      }
    },
    "node_modules/openmeteo": {
      "version": "1.2.0",
      "resolved": "https://registry.npmjs.org/openmeteo/-/openmeteo-1.2.0.tgz",
      "integrity": "sha512-YinFo02TM4wXdm9o2FBAO2u1ka3drNdnFsGNskiO8aCWvZa6nljh3ioH79ipwPdFhCrIiq/LCfpjDGXqH2RBFw==",
      "dev": true,
      "license": "MIT",
      "dependencies": {
        "@openmeteo/sdk": "^1.19.0",
        "flatbuffers": "^25.2.10"
      },
      "engines": {
        "node": ">=12.0"
      }
    }
  }
}
